
Microsoft Visual Studio Solution File, Format Version 12.00
# Visual Studio Version 17
VisualStudioVersion = 17.7.34031.279
MinimumVisualStudioVersion = 10.0.40219.1
Project("{FAE04EC0-301F-11D3-BF4B-00C04F79EFBC}") = "ultimoprogetto", "ultimoprogetto\ultimoprogetto.csproj", "{B062E0DA-52AE-4054-931D-4DB26C2081F4}"
EndProject
Global
	GlobalSection(SolutionConfigurationPlatforms) = preSolution
		Debug|Any CPU = Debug|Any CPU
		Release|Any CPU = Release|Any CPU
	EndGlobalSection
	GlobalSection(ProjectConfigurationPlatforms) = postSolution
		{B062E0DA-52AE-4054-931D-4DB26C2081F4}.Debug|Any CPU.ActiveCfg = Debug|Any CPU
		{B062E0DA-52AE-4054-931D-4DB26C2081F4}.Debug|Any CPU.Build.0 = Debug|Any CPU
		{B062E0DA-52AE-4054-931D-4DB26C2081F4}.Release|Any CPU.ActiveCfg = Release|Any CPU
		{B062E0DA-52AE-4054-931D-4DB26C2081F4}.Release|Any CPU.Build.0 = Release|Any CPU
	EndGlobalSection
	GlobalSection(SolutionProperties) = preSolution
		HideSolutionNode = FALSE
	EndGlobalSection
	GlobalSection(ExtensibilityGlobals) = postSolution
		SolutionGuid = {ABFA1014-7F92-4481-B14D-A7D52D01491A}
	EndGlobalSection
EndGlobal
